
Microsoft Visual Studio Solution File, Format Version 12.00
# Visual Studio 15
VisualStudioVersion = 15.0.27130.2036
MinimumVisualStudioVersion = 10.0.40219.1
Project("{8BC9CEB8-8B4A-11D0-8D11-00A0C91BC942}") = "QR to CSV", "QR to CSV\QR to CSV.vcxproj", "{7042A3EA-2C4A-4EB5-8E84-1E1FF439DAD3}"
EndProject
Global
	GlobalSection(SolutionConfigurationPlatforms) = preSolution
		Debug|x64 = Debug|x64
		Debug|x86 = Debug|x86
		Release|x64 = Release|x64
		Release|x86 = Release|x86
	EndGlobalSection
	GlobalSection(ProjectConfigurationPlatforms) = postSolution
		{7042A3EA-2C4A-4EB5-8E84-1E1FF439DAD3}.Debug|x64.ActiveCfg = Debug|x64
		{7042A3EA-2C4A-4EB5-8E84-1E1FF439DAD3}.Debug|x64.Build.0 = Debug|x64
		{7042A3EA-2C4A-4EB5-8E84-1E1FF439DAD3}.Debug|x86.ActiveCfg = Debug|Win32
		{7042A3EA-2C4A-4EB5-8E84-1E1FF439DAD3}.Debug|x86.Build.0 = Debug|Win32
		{7042A3EA-2C4A-4EB5-8E84-1E1FF439DAD3}.Release|x64.ActiveCfg = Release|x64
		{7042A3EA-2C4A-4EB5-8E84-1E1FF439DAD3}.Release|x64.Build.0 = Release|x64
		{7042A3EA-2C4A-4EB5-8E84-1E1FF439DAD3}.Release|x86.ActiveCfg = Release|Win32
		{7042A3EA-2C4A-4EB5-8E84-1E1FF439DAD3}.Release|x86.Build.0 = Release|Win32
	EndGlobalSection
	GlobalSection(SolutionProperties) = preSolution
		HideSolutionNode = FALSE
	EndGlobalSection
	GlobalSection(ExtensibilityGlobals) = postSolution
		SolutionGuid = {8D1559BA-8B7D-4555-95A9-CDD7350A43BE}
	EndGlobalSection
EndGlobal
